using namespace std;
#include <math.h>
#include <iostream>
//define tanımı
#define pi 3.14
int main()
{
	// GİRİŞ
	/*PROGRAM YAPISSI
	-->#include komutu altında kütüphane çağırıyoruz.
	-->std 'nin anlamı ise standard character output device (standart karakter çıktı cihazı) bununla birlikte sürekli kullanacağımız 
	cout ve cin ifadelerini eklemiş olduk.
	-->Cout'ekrana yazdırmak için cin isekullanıcıdan veri almak için kullanırız.*/
	int a;
	cout << "a sayısı giriniz";
	cin >> a;
	//-->/n ya da endl çıktı aldığımız yazıları alt alta kazdırmak için kullanırız.!!\n tırnak içine endl dışarı tek başına yazılır.
	cout << "hello";
	cout  << "\nworld";
	//--> \t ise arada 8 karakter boşluk bırakır.
	cout << "hello\t" << "world";
	//-->define komutu mainin üstüne bir değişken tanımlıyoruz ve programdaistediğimiz gibi tekrar tanımlamadan kullanabiliriz.
	//tanımlarken kare kullan ve eşittir kullanma.
	cout << pi * 3;
	
	//ÖRNEK://Kullanıcıdan 2 farklı değer alalım. Alınan değerleri üçgenin bir kenarı ve hipotenüs, verilmeyen değeri ise ikinci kenarı kabul edelim
//ilk önce ikinci kenarı hesaplayalım ve akabinde üçgenin alanını bulalım.
	int a, b, h,alan;
	cout << "ucgenin hipotenus ve bir kenarin uzunlugunu giriniz: \n";
	cin >> a;
	cin >> h;
	b=sqrt((h * h) - (a * a));
	cout << "bilinmeyen kenar uzunlugu: " << b;
	alan = (a * b) / 2;
	cout << "ucgenin alani: " << alan;
	
	
	
	/İF - ELSE
	//Kullanıcı tarafından girilen bir sayının bizim atadığımız sayıya yakın mı yoksa uzak mı olduğunu kullanıcıya bildirelim.
	int sayı = 20,a;
	cout << "sayi giriniz: ";
	cin >> a;
	if (a < 20) { cout << "sayiniz kucuk"; }
	else if (a > 20) { cout << "sayiniz buyuk "; }
	else { cout << "tebrikler dogru"; }

